
Microsoft Visual Studio Solution File, Format Version 12.00
# Visual Studio Version 17
VisualStudioVersion = 17.14.36310.24 d17.14
MinimumVisualStudioVersion = 10.0.40219.1
Project("{FAE04EC0-301F-11D3-BF4B-00C04F79EFBC}") = "App17", "App17\App17.csproj", "{3B9459C9-9BC8-45D7-9EB9-E7FBDE77B718}"
EndProject
Global
	GlobalSection(SolutionConfigurationPlatforms) = preSolution
		Debug|Any CPU = Debug|Any CPU
		Release|Any CPU = Release|Any CPU
	EndGlobalSection
	GlobalSection(ProjectConfigurationPlatforms) = postSolution
		{3B9459C9-9BC8-45D7-9EB9-E7FBDE77B718}.Debug|Any CPU.ActiveCfg = Debug|Any CPU
		{3B9459C9-9BC8-45D7-9EB9-E7FBDE77B718}.Debug|Any CPU.Build.0 = Debug|Any CPU
		{3B9459C9-9BC8-45D7-9EB9-E7FBDE77B718}.Release|Any CPU.ActiveCfg = Release|Any CPU
		{3B9459C9-9BC8-45D7-9EB9-E7FBDE77B718}.Release|Any CPU.Build.0 = Release|Any CPU
	EndGlobalSection
	GlobalSection(SolutionProperties) = preSolution
		HideSolutionNode = FALSE
	EndGlobalSection
	GlobalSection(ExtensibilityGlobals) = postSolution
		SolutionGuid = {E533D510-630F-43DB-8B60-421E9AF69966}
	EndGlobalSection
EndGlobal
