
Microsoft Visual Studio Solution File, Format Version 12.00
# Visual Studio Version 17
VisualStudioVersion = 17.14.36310.24 d17.14
MinimumVisualStudioVersion = 10.0.40219.1
Project("{FAE04EC0-301F-11D3-BF4B-00C04F79EFBC}") = "ConsoleApp4", "ConsoleApp4\ConsoleApp4.csproj", "{DCEEC5CB-1B61-45D9-946D-EACE8AC9C8FC}"
EndProject
Global
	GlobalSection(SolutionConfigurationPlatforms) = preSolution
		Debug|Any CPU = Debug|Any CPU
		Release|Any CPU = Release|Any CPU
	EndGlobalSection
	GlobalSection(ProjectConfigurationPlatforms) = postSolution
		{DCEEC5CB-1B61-45D9-946D-EACE8AC9C8FC}.Debug|Any CPU.ActiveCfg = Debug|Any CPU
		{DCEEC5CB-1B61-45D9-946D-EACE8AC9C8FC}.Debug|Any CPU.Build.0 = Debug|Any CPU
		{DCEEC5CB-1B61-45D9-946D-EACE8AC9C8FC}.Release|Any CPU.ActiveCfg = Release|Any CPU
		{DCEEC5CB-1B61-45D9-946D-EACE8AC9C8FC}.Release|Any CPU.Build.0 = Release|Any CPU
	EndGlobalSection
	GlobalSection(SolutionProperties) = preSolution
		HideSolutionNode = FALSE
	EndGlobalSection
	GlobalSection(ExtensibilityGlobals) = postSolution
		SolutionGuid = {6673243A-6A05-4D99-84A8-BF7EF937C7A0}
	EndGlobalSection
EndGlobal
