
Microsoft Visual Studio Solution File, Format Version 12.00
# Visual Studio Version 17
VisualStudioVersion = 17.14.36310.24 d17.14
MinimumVisualStudioVersion = 10.0.40219.1
Project("{FAE04EC0-301F-11D3-BF4B-00C04F79EFBC}") = "ConsoleApp6", "ConsoleApp6\ConsoleApp6.csproj", "{F8D4AEE9-73D7-4BE1-8B19-895D07E0FBCC}"
EndProject
Global
	GlobalSection(SolutionConfigurationPlatforms) = preSolution
		Debug|Any CPU = Debug|Any CPU
		Release|Any CPU = Release|Any CPU
	EndGlobalSection
	GlobalSection(ProjectConfigurationPlatforms) = postSolution
		{F8D4AEE9-73D7-4BE1-8B19-895D07E0FBCC}.Debug|Any CPU.ActiveCfg = Debug|Any CPU
		{F8D4AEE9-73D7-4BE1-8B19-895D07E0FBCC}.Debug|Any CPU.Build.0 = Debug|Any CPU
		{F8D4AEE9-73D7-4BE1-8B19-895D07E0FBCC}.Release|Any CPU.ActiveCfg = Release|Any CPU
		{F8D4AEE9-73D7-4BE1-8B19-895D07E0FBCC}.Release|Any CPU.Build.0 = Release|Any CPU
	EndGlobalSection
	GlobalSection(SolutionProperties) = preSolution
		HideSolutionNode = FALSE
	EndGlobalSection
	GlobalSection(ExtensibilityGlobals) = postSolution
		SolutionGuid = {234331B8-E7BE-4C7B-8C1A-4630712E155D}
	EndGlobalSection
EndGlobal
